
Microsoft Visual Studio Solution File, Format Version 12.00
# Visual Studio Version 16
VisualStudioVersion = 16.0.31702.278
MinimumVisualStudioVersion = 10.0.40219.1
Project("{FAE04EC0-301F-11D3-BF4B-00C04F79EFBC}") = "AbelCole", "AbelCole\AbelCole.csproj", "{796207C4-95FF-4554-A7A1-C1890730E53C}"
EndProject
Global
	GlobalSection(SolutionConfigurationPlatforms) = preSolution
		Debug|Any CPU = Debug|Any CPU
		Release|Any CPU = Release|Any CPU
	EndGlobalSection
	GlobalSection(ProjectConfigurationPlatforms) = postSolution
		{796207C4-95FF-4554-A7A1-C1890730E53C}.Debug|Any CPU.ActiveCfg = Debug|Any CPU
		{796207C4-95FF-4554-A7A1-C1890730E53C}.Debug|Any CPU.Build.0 = Debug|Any CPU
		{796207C4-95FF-4554-A7A1-C1890730E53C}.Release|Any CPU.ActiveCfg = Release|Any CPU
		{796207C4-95FF-4554-A7A1-C1890730E53C}.Release|Any CPU.Build.0 = Release|Any CPU
	EndGlobalSection
	GlobalSection(SolutionProperties) = preSolution
		HideSolutionNode = FALSE
	EndGlobalSection
	GlobalSection(ExtensibilityGlobals) = postSolution
		SolutionGuid = {949AA6B5-2FE0-4AE4-89A6-42E6E142DFD1}
	EndGlobalSection
EndGlobal
